// !$*UTF8*$!
{
	archiveVersion = 1;
	classes = {
	};
	objectVersion = 46;
	objects = {

/* Begin PBXBuildFile section */
		BB7F95C117C7C450009A0FBE /* Foundation.framework in Frameworks */ = {isa = PBXBuildFile; fileRef = BB7F95C017C7C450009A0FBE /* Foundation.framework */; };
		BB7F95E917C7C4AA009A0FBE /* SGVBackgroundRunloop.m in Sources */ = {isa = PBXBuildFile; fileRef = BB7F95E817C7C4AA009A0FBE /* SGVBackgroundRunloop.m */; };
		EC99FC101950D1B300EC4661 /* SGVBackgroundRunloopThreadHelper.m in Sources */ = {isa = PBXBuildFile; fileRef = EC99FC0F1950D1B300EC4661 /* SGVBackgroundRunloopThreadHelper.m */; };
/* End PBXBuildFile section */

/* Begin PBXCopyFilesBuildPhase section */
		BB7F95BB17C7C450009A0FBE /* CopyFiles */ = {
			isa = PBXCopyFilesBuildPhase;
			buildActionMask = 2147483647;
			dstPath = "include/$(PRODUCT_NAME)";
			dstSubfolderSpec = 16;
			files = (
			);
			runOnlyForDeploymentPostprocessing = 0;
		};
/* End PBXCopyFilesBuildPhase section */

/* Begin PBXFileReference section */
		BB7F95BD17C7C450009A0FBE /* libSGVBackgroundRunloop.a */ = {isa = PBXFileReference; explicitFileType = archive.ar; includeInIndex = 0; path = libSGVBackgroundRunloop.a; sourceTree = BUILT_PRODUCTS_DIR; };
		BB7F95C017C7C450009A0FBE /* Foundation.framework */ = {isa = PBXFileReference; lastKnownFileType = wrapper.framework; name = Foundation.framework; path = System/Library/Frameworks/Foundation.framework; sourceTree = SDKROOT; };
		BB7F95E717C7C4AA009A0FBE /* SGVBackgroundRunloop.h */ = {isa = PBXFileReference; fileEncoding = 4; lastKnownFileType = sourcecode.c.h; path = SGVBackgroundRunloop.h; sourceTree = "<group>"; };
		BB7F95E817C7C4AA009A0FBE /* SGVBackgroundRunloop.m */ = {isa = PBXFileReference; fileEncoding = 4; lastKnownFileType = sourcecode.c.objc; path = SGVBackgroundRunloop.m; sourceTree = "<group>"; };
		EC99FC0E1950D1B300EC4661 /* SGVBackgroundRunloopThreadHelper.h */ = {isa = PBXFileReference; fileEncoding = 4; lastKnownFileType = sourcecode.c.h; path = SGVBackgroundRunloopThreadHelper.h; sourceTree = "<group>"; };
		EC99FC0F1950D1B300EC4661 /* SGVBackgroundRunloopThreadHelper.m */ = {isa = PBXFileReference; fileEncoding = 4; lastKnownFileType = sourcecode.c.objc; path = SGVBackgroundRunloopThreadHelper.m; sourceTree = "<group>"; };
/* End PBXFileReference section */

/* Begin PBXFrameworksBuildPhase section */
		BB7F95BA17C7C450009A0FBE /* Frameworks */ = {
			isa = PBXFrameworksBuildPhase;
			buildActionMask = 2147483647;
			files = (
				BB7F95C117C7C450009A0FBE /* Foundation.framework in Frameworks */,
			);
			runOnlyForDeploymentPostprocessing = 0;
		};
/* End PBXFrameworksBuildPhase section */

/* Begin PBXGroup section */
		BB7F95B417C7C450009A0FBE = {
			isa = PBXGroup;
			children = (
				BB7F95C217C7C450009A0FBE /* SGVBackgroundRunloop */,
				BB7F95BF17C7C450009A0FBE /* Frameworks */,
				BB7F95BE17C7C450009A0FBE /* Products */,
			);
			sourceTree = "<group>";
		};
		BB7F95BE17C7C450009A0FBE /* Products */ = {
			isa = PBXGroup;
			children = (
				BB7F95BD17C7C450009A0FBE /* libSGVBackgroundRunloop.a */,
			);
			name = Products;
			sourceTree = "<group>";
		};
		BB7F95BF17C7C450009A0FBE /* Frameworks */ = {
			isa = PBXGroup;
			children = (
				BB7F95C017C7C450009A0FBE /* Foundation.framework */,
			);
			name = Frameworks;
			sourceTree = "<group>";
		};
		BB7F95C217C7C450009A0FBE /* SGVBackgroundRunloop */ = {
			isa = PBXGroup;
			children = (
				BB7F95E617C7C4AA009A0FBE /* src */,
				BB7F95C317C7C450009A0FBE /* Supporting Files */,
			);
			name = SGVBackgroundRunloop;
			path = SGBackgroundRunloop;
			sourceTree = "<group>";
		};
		BB7F95C317C7C450009A0FBE /* Supporting Files */ = {
			isa = PBXGroup;
			children = (
			);
			name = "Supporting Files";
			sourceTree = "<group>";
		};
		BB7F95E617C7C4AA009A0FBE /* src */ = {
			isa = PBXGroup;
			children = (
				BB7F95E717C7C4AA009A0FBE /* SGVBackgroundRunloop.h */,
				BB7F95E817C7C4AA009A0FBE /* SGVBackgroundRunloop.m */,
				EC99FC0E1950D1B300EC4661 /* SGVBackgroundRunloopThreadHelper.h */,
				EC99FC0F1950D1B300EC4661 /* SGVBackgroundRunloopThreadHelper.m */,
			);
			path = src;
			sourceTree = SOURCE_ROOT;
		};
/* End PBXGroup section */

/* Begin PBXNativeTarget section */
		BB7F95BC17C7C450009A0FBE /* SGVBackgroundRunloop */ = {
			isa = PBXNativeTarget;
			buildConfigurationList = BB7F95E017C7C450009A0FBE /* Build configuration list for PBXNativeTarget "SGVBackgroundRunloop" */;
			buildPhases = (
				BB7F95B917C7C450009A0FBE /* Sources */,
				BB7F95BA17C7C450009A0FBE /* Frameworks */,
				BB7F95BB17C7C450009A0FBE /* CopyFiles */,
			);
			buildRules = (
			);
			dependencies = (
			);
			name = SGVBackgroundRunloop;
			productName = SGBackgroundRunloop;
			productReference = BB7F95BD17C7C450009A0FBE /* libSGVBackgroundRunloop.a */;
			productType = "com.apple.product-type.library.static";
		};
/* End PBXNativeTarget section */

/* Begin PBXProject section */
		BB7F95B517C7C450009A0FBE /* Project object */ = {
			isa = PBXProject;
			attributes = {
				LastUpgradeCheck = 0500;
				ORGANIZATIONNAME = sanekgusev;
			};
			buildConfigurationList = BB7F95B817C7C450009A0FBE /* Build configuration list for PBXProject "SGVBackgroundRunloop" */;
			compatibilityVersion = "Xcode 3.2";
			developmentRegion = English;
			hasScannedForEncodings = 0;
			knownRegions = (
				en,
			);
			mainGroup = BB7F95B417C7C450009A0FBE;
			productRefGroup = BB7F95BE17C7C450009A0FBE /* Products */;
			projectDirPath = "";
			projectRoot = "";
			targets = (
				BB7F95BC17C7C450009A0FBE /* SGVBackgroundRunloop */,
			);
		};
/* End PBXProject section */

/* Begin PBXSourcesBuildPhase section */
		BB7F95B917C7C450009A0FBE /* Sources */ = {
			isa = PBXSourcesBuildPhase;
			buildActionMask = 2147483647;
			files = (
				EC99FC101950D1B300EC4661 /* SGVBackgroundRunloopThreadHelper.m in Sources */,
				BB7F95E917C7C4AA009A0FBE /* SGVBackgroundRunloop.m in Sources */,
			);
			runOnlyForDeploymentPostprocessing = 0;
		};
/* End PBXSourcesBuildPhase section */

/* Begin XCBuildConfiguration section */
		BB7F95DE17C7C450009A0FBE /* Debug */ = {
			isa = XCBuildConfiguration;
			buildSettings = {
				ALWAYS_SEARCH_USER_PATHS = NO;
				CLANG_CXX_LANGUAGE_STANDARD = "gnu++0x";
				CLANG_CXX_LIBRARY = "libc++";
				CLANG_ENABLE_MODULES = YES;
				CLANG_ENABLE_OBJC_ARC = YES;
				CLANG_WARN_BOOL_CONVERSION = YES;
				CLANG_WARN_CONSTANT_CONVERSION = YES;
				CLANG_WARN_DIRECT_OBJC_ISA_USAGE = YES_ERROR;
				CLANG_WARN_EMPTY_BODY = YES;
				CLANG_WARN_ENUM_CONVERSION = YES;
				CLANG_WARN_INT_CONVERSION = YES;
				CLANG_WARN_OBJC_ROOT_CLASS = YES_ERROR;
				CLANG_WARN__DUPLICATE_METHOD_MATCH = YES;
				COPY_PHASE_STRIP = NO;
				GCC_C_LANGUAGE_STANDARD = gnu99;
				GCC_DYNAMIC_NO_PIC = NO;
				GCC_OPTIMIZATION_LEVEL = 0;
				GCC_PREPROCESSOR_DEFINITIONS = (
					"DEBUG=1",
					"$(inherited)",
				);
				GCC_SYMBOLS_PRIVATE_EXTERN = NO;
				GCC_WARN_ABOUT_RETURN_TYPE = YES_ERROR;
				GCC_WARN_UNDECLARED_SELECTOR = YES;
				GCC_WARN_UNINITIALIZED_AUTOS = YES;
				GCC_WARN_UNUSED_FUNCTION = YES;
				GCC_WARN_UNUSED_VARIABLE = YES;
				IPHONEOS_DEPLOYMENT_TARGET = 5.0;
				ONLY_ACTIVE_ARCH = YES;
				SDKROOT = iphoneos;
			};
			name = Debug;
		};
		BB7F95DF17C7C450009A0FBE /* Release */ = {
			isa = XCBuildConfiguration;
			buildSettings = {
				ALWAYS_SEARCH_USER_PATHS = NO;
				CLANG_CXX_LANGUAGE_STANDARD = "gnu++0x";
				CLANG_CXX_LIBRARY = "libc++";
				CLANG_ENABLE_MODULES = YES;
				CLANG_ENABLE_OBJC_ARC = YES;
				CLANG_WARN_BOOL_CONVERSION = YES;
				CLANG_WARN_CONSTANT_CONVERSION = YES;
				CLANG_WARN_DIRECT_OBJC_ISA_USAGE = YES_ERROR;
				CLANG_WARN_EMPTY_BODY = YES;
				CLANG_WARN_ENUM_CONVERSION = YES;
				CLANG_WARN_INT_CONVERSION = YES;
				CLANG_WARN_OBJC_ROOT_CLASS = YES_ERROR;
				CLANG_WARN__DUPLICATE_METHOD_MATCH = YES;
				COPY_PHASE_STRIP = YES;
				ENABLE_NS_ASSERTIONS = NO;
				GCC_C_LANGUAGE_STANDARD = gnu99;
				GCC_WARN_ABOUT_RETURN_TYPE = YES_ERROR;
				GCC_WARN_UNDECLARED_SELECTOR = YES;
				GCC_WARN_UNINITIALIZED_AUTOS = YES;
				GCC_WARN_UNUSED_FUNCTION = YES;
				GCC_WARN_UNUSED_VARIABLE = YES;
				IPHONEOS_DEPLOYMENT_TARGET = 5.0;
				SDKROOT = iphoneos;
				VALIDATE_PRODUCT = YES;
			};
			name = Release;
		};
		BB7F95E117C7C450009A0FBE /* Debug */ = {
			isa = XCBuildConfiguration;
			buildSettings = {
				DSTROOT = /tmp/SGBackgroundRunloop.dst;
				OTHER_LDFLAGS = "-ObjC";
				PRODUCT_NAME = SGVBackgroundRunloop;
				SKIP_INSTALL = YES;
			};
			name = Debug;
		};
		BB7F95E217C7C450009A0FBE /* Release */ = {
			isa = XCBuildConfiguration;
			buildSettings = {
				DSTROOT = /tmp/SGBackgroundRunloop.dst;
				OTHER_LDFLAGS = "-ObjC";
				PRODUCT_NAME = SGVBackgroundRunloop;
				SKIP_INSTALL = YES;
			};
			name = Release;
		};
/* End XCBuildConfiguration section */

/* Begin XCConfigurationList section */
		BB7F95B817C7C450009A0FBE /* Build configuration list for PBXProject "SGVBackgroundRunloop" */ = {
			isa = XCConfigurationList;
			buildConfigurations = (
				BB7F95DE17C7C450009A0FBE /* Debug */,
				BB7F95DF17C7C450009A0FBE /* Release */,
			);
			defaultConfigurationIsVisible = 0;
			defaultConfigurationName = Release;
		};
		BB7F95E017C7C450009A0FBE /* Build configuration list for PBXNativeTarget "SGVBackgroundRunloop" */ = {
			isa = XCConfigurationList;
			buildConfigurations = (
				BB7F95E117C7C450009A0FBE /* Debug */,
				BB7F95E217C7C450009A0FBE /* Release */,
			);
			defaultConfigurationIsVisible = 0;
			defaultConfigurationName = Release;
		};
/* End XCConfigurationList section */
	};
	rootObject = BB7F95B517C7C450009A0FBE /* Project object */;
}
